# This file is generated by running "yarn install" inside your project.
# Manual changes might be lost - proceed with caution!

__metadata:
  version: 6
  cacheKey: 8

"@pixi/accessibility@npm:6.5.0":
  version: 6.5.0
  resolution: "@pixi/accessibility@npm:6.5.0"
  peerDependencies:
    "@pixi/core": 6.5.0
    "@pixi/display": 6.5.0
    "@pixi/utils": 6.5.0
  checksum: b9e10b6407eb7dada9c2a996503b9c3bc66dc0574cd1c1e85ace3cbf8ba9e06d0a5148f6e98ab775b57a1f4da7a65ab796dc025d7629579d318ff09ba6893622
  languageName: node
  linkType: hard

"@pixi/accessibility@npm:7.2.4":
  version: 7.2.4
  resolution: "@pixi/accessibility@npm:7.2.4"
  peerDependencies:
    "@pixi/core": 7.2.4
    "@pixi/display": 7.2.4
    "@pixi/events": 7.2.4
  checksum: be5fd5012b2f75835c0c16444de8852524a01e9ea75eb081e503404759a73ca30254b37d21fc9f51192c888a15cab53912792bdd08cc06e0e74237b197ea8f24
  languageName: node
  linkType: hard

"@pixi/app@npm:6.5.0":
  version: 6.5.0
  resolution: "@pixi/app@npm:6.5.0"
  peerDependencies:
    "@pixi/core": 6.5.0
    "@pixi/display": 6.5.0
  checksum: 5938b053d0496e93ef94e1dea3160d736bc540766879fc777a469243dd8168e1b59ee24dfb5553f7e52dd6572371fc6cad550817fef0577d61714098709df91e
  languageName: node
  linkType: hard

"@pixi/app@npm:7.2.4":
  version: 7.2.4
  resolution: "@pixi/app@npm:7.2.4"
  peerDependencies:
    "@pixi/core": 7.2.4
    "@pixi/display": 7.2.4
  checksum: 2b0e2191bdef1e17a85ee9764c79b851ef1486ed7d0f2aef3088797e3672151e440ff43d75912b76e63089bf150e8bb6f53516ae1085b0caa2dba85252657135
  languageName: node
  linkType: hard

"@pixi/assets@npm:7.2.4":
  version: 7.2.4
  resolution: "@pixi/assets@npm:7.2.4"
  dependencies:
    "@types/css-font-loading-module": ^0.0.7
  peerDependencies:
    "@pixi/core": 7.2.4
    "@pixi/utils": 7.2.4
  checksum: 1c27949c257c11045a162cc1fed4321ac6a27c7cc6a5af9732da64f6d4d4c2e64412cc140881089f25290d513498b4e8b125550172005c3e9379bbf70264f8a1
  languageName: node
  linkType: hard

"@pixi/color@npm:7.2.4":
  version: 7.2.4
  resolution: "@pixi/color@npm:7.2.4"
  dependencies:
    colord: ^2.9.3
  checksum: c1739eb9f271e8ec24347630bc03eae0b7dd49e9fccd3ca98a21c041beca2a5ffb17e8152a5e728701d883a37c4a8799fc2a30eeaa26a701b7b4b9b41b90f7a6
  languageName: node
  linkType: hard

"@pixi/compressed-textures@npm:6.5.0":
  version: 6.5.0
  resolution: "@pixi/compressed-textures@npm:6.5.0"
  peerDependencies:
    "@pixi/constants": 6.5.0
    "@pixi/core": 6.5.0
    "@pixi/loaders": 6.5.0
    "@pixi/settings": 6.5.0
    "@pixi/utils": 6.5.0
  checksum: 65421413fe2aff7fc74140b495741e494e130fb4ed510286fb6f8de1ce70199cf4a0f596a30f5474b8d01f2071d5d0e395f2cb4358255d51c2eb6284c168f096
  languageName: node
  linkType: hard

"@pixi/compressed-textures@npm:7.2.4":
  version: 7.2.4
  resolution: "@pixi/compressed-textures@npm:7.2.4"
  peerDependencies:
    "@pixi/assets": 7.2.4
    "@pixi/core": 7.2.4
  checksum: e796b33f3b1671edae84fa285608514d894a8bfc99a34a95e081e9decbe7c38a0c8147eecf4d0f21b92252728586ff4bc8f21dec14496b29954c163691886fd9
  languageName: node
  linkType: hard

"@pixi/constants@npm:6.5.0":
  version: 6.5.0
  resolution: "@pixi/constants@npm:6.5.0"
  checksum: 0a2d5ba37e8ea25ce861e0cbcdf064df37927e93b748e557a4abda670c0b13344c8c9b801dc1a14cf688411793dbf83a31b1a8bea96a8941d5c640ad0f8f4b19
  languageName: node
  linkType: hard

"@pixi/constants@npm:7.2.4":
  version: 7.2.4
  resolution: "@pixi/constants@npm:7.2.4"
  checksum: 5c88d1d8ad17e04f6b52926d5dc867a8d22b85bee708c2ddfe46bbc1e2104d7534a4c81180e4e8d8d50214f33172c02ec2de3c4848a65943145ad9c1b331e0a2
  languageName: node
  linkType: hard

"@pixi/core@npm:6.5.0":
  version: 6.5.0
  resolution: "@pixi/core@npm:6.5.0"
  dependencies:
    "@types/offscreencanvas": ^2019.6.4
  peerDependencies:
    "@pixi/constants": 6.5.0
    "@pixi/math": 6.5.0
    "@pixi/runner": 6.5.0
    "@pixi/settings": 6.5.0
    "@pixi/ticker": 6.5.0
    "@pixi/utils": 6.5.0
  checksum: 55ea41bfdaa1589e34de8cf4558887d16f7123436ab72451c8250a31066620abd8383ab188d86ff94e490c86003be1014934da49b352178b8fdee8b88436ced0
  languageName: node
  linkType: hard

"@pixi/core@npm:7.2.4":
  version: 7.2.4
  resolution: "@pixi/core@npm:7.2.4"
  dependencies:
    "@pixi/color": 7.2.4
    "@pixi/constants": 7.2.4
    "@pixi/extensions": 7.2.4
    "@pixi/math": 7.2.4
    "@pixi/runner": 7.2.4
    "@pixi/settings": 7.2.4
    "@pixi/ticker": 7.2.4
    "@pixi/utils": 7.2.4
    "@types/offscreencanvas": ^2019.6.4
  checksum: 0b73886a89912d79d2a2895e051b533f2107b7d9671fdf9a591a20dd8ce5a2e946b6199595995ef1d986a1d1c6abd5aa92875484fea5102fcdf9378f12b413b6
  languageName: node
  linkType: hard

"@pixi/display@npm:6.5.0":
  version: 6.5.0
  resolution: "@pixi/display@npm:6.5.0"
  peerDependencies:
    "@pixi/math": 6.5.0
    "@pixi/settings": 6.5.0
    "@pixi/utils": 6.5.0
  checksum: b61571f7db0ab48cf5132c5036a6680679b3f576bf2c05ce687b9bdc7192c9e9bdbdc0e116a829933fda33782b09e56a64bed47d95e531249e9871c304815020
  languageName: node
  linkType: hard

"@pixi/display@npm:7.2.4":
  version: 7.2.4
  resolution: "@pixi/display@npm:7.2.4"
  peerDependencies:
    "@pixi/core": 7.2.4
  checksum: 3e46d41242bba54fa0125cedcbf5b88b37e82062e9747a02a4bbaa5f2e41548d265814d6328edde47517271fe7a53aaf661071aac0dd226dd20814b67d782db1
  languageName: node
  linkType: hard

"@pixi/events@npm:7.2.4":
  version: 7.2.4
  resolution: "@pixi/events@npm:7.2.4"
  peerDependencies:
    "@pixi/core": 7.2.4
    "@pixi/display": 7.2.4
  checksum: 7f55bf2babc9de1005e5730d41c598a716097dee5cf1e92cebb344479d5275c6389e5a9c1abce2bf33eaea3caa70de716477206c17c90d9c3b2cf16173ba890d
  languageName: node
  linkType: hard

"@pixi/extensions@npm:7.2.4":
  version: 7.2.4
  resolution: "@pixi/extensions@npm:7.2.4"
  checksum: 3dea941971fdc8d9cfef6feb0c5b9c330c265dd011dfa785b6758ad4f76c48ce889aa9e6061c66ab69566e854633243ece1edc66654ce5feea0a6037ec309d43
  languageName: node
  linkType: hard

"@pixi/extract@npm:6.5.0":
  version: 6.5.0
  resolution: "@pixi/extract@npm:6.5.0"
  peerDependencies:
    "@pixi/core": 6.5.0
    "@pixi/math": 6.5.0
    "@pixi/utils": 6.5.0
  checksum: cc93facb37379ddb5f57e915535f874b3e145264723c0a445a5d84d19096bfe322f4b393d4769e47e9883d0209110d164dac9b4641858d713c0f1b038ced1ca9
  languageName: node
  linkType: hard

"@pixi/extract@npm:7.2.4":
  version: 7.2.4
  resolution: "@pixi/extract@npm:7.2.4"
  peerDependencies:
    "@pixi/core": 7.2.4
  checksum: 7c32a986743130f68be68b0da2fc337ecfcc2b1e3a1f633db049a3ad710669829a3e05dca51c80db68ae254d3b5dd9eaaa57c2aec780cd1aa1623130250e479e
  languageName: node
  linkType: hard

"@pixi/filter-alpha@npm:6.5.0":
  version: 6.5.0
  resolution: "@pixi/filter-alpha@npm:6.5.0"
  peerDependencies:
    "@pixi/core": 6.5.0
  checksum: 61c24c09f462892f0c0cf399756e22e0db741915f3cbe0cffc645ee62af2c5a25eb0381f8be16e2458e3ee6e8e5bee54d6a1977721e8ac6975dc0fdc58dee976
  languageName: node
  linkType: hard

"@pixi/filter-alpha@npm:7.2.4":
  version: 7.2.4
  resolution: "@pixi/filter-alpha@npm:7.2.4"
  peerDependencies:
    "@pixi/core": 7.2.4
  checksum: 966a748282b398201c69015e5d2be746641e7e3e3633d6708090c9fae9df6eada2c72d844f27ac51fef4862a804500bce45ecf23db86e48028eb08eac4f2e9b7
  languageName: node
  linkType: hard

"@pixi/filter-blur@npm:6.5.0":
  version: 6.5.0
  resolution: "@pixi/filter-blur@npm:6.5.0"
  peerDependencies:
    "@pixi/core": 6.5.0
    "@pixi/settings": 6.5.0
  checksum: a438ae263b9d8f757ca16b5f382f8e2f62a12af33fa0f52e8f574473de1db1f7d445a5986b9f581c3cc84bfaee58890cd8be25946c5447a649d79f8db1d300d7
  languageName: node
  linkType: hard

"@pixi/filter-blur@npm:7.2.4":
  version: 7.2.4
  resolution: "@pixi/filter-blur@npm:7.2.4"
  peerDependencies:
    "@pixi/core": 7.2.4
  checksum: 2d2c55e8bda675548fd926e0edea51605cd51d632e9c6b55b747f406d57606f1859c0d7da85a77f96253ac46aa48c150677f11bedb5936373e544d7745b3f828
  languageName: node
  linkType: hard

"@pixi/filter-color-matrix@npm:6.5.0":
  version: 6.5.0
  resolution: "@pixi/filter-color-matrix@npm:6.5.0"
  peerDependencies:
    "@pixi/core": 6.5.0
  checksum: 24c0e5564cf94b5ef03062968fed649a0cf18d52aad7aada7a2e3b81f27c770371d1fdf7bba04d62d5f6081d62c48e7bd6cb834610d162df04dc82136df07d89
  languageName: node
  linkType: hard

"@pixi/filter-color-matrix@npm:7.2.4":
  version: 7.2.4
  resolution: "@pixi/filter-color-matrix@npm:7.2.4"
  peerDependencies:
    "@pixi/core": 7.2.4
  checksum: c7e4bddfaabdf9f758c7d515b21a68f980cd8c8d813d4cd6f389975562aa2deddfeceac15c9bf6d428a0e8213e52e3c90739873b713ca78a5b7d2b274f77f46b
  languageName: node
  linkType: hard

"@pixi/filter-displacement@npm:6.5.0":
  version: 6.5.0
  resolution: "@pixi/filter-displacement@npm:6.5.0"
  peerDependencies:
    "@pixi/core": 6.5.0
    "@pixi/math": 6.5.0
  checksum: 830dbeec7b25a2d198ec25d584eff5e5396545bd3fdf170aa07edd577c53b973de7e3afd8397a061c5b43873d1129878d2c5d2bcc677b8e2a919f57b55ce0df1
  languageName: node
  linkType: hard

"@pixi/filter-displacement@npm:7.2.4":
  version: 7.2.4
  resolution: "@pixi/filter-displacement@npm:7.2.4"
  peerDependencies:
    "@pixi/core": 7.2.4
  checksum: 8a785777515fcb97f7e0f15b798995ec5fb9042b89b312a2910f44f364d84afe4633ade7e252a8468452600417485a804629314576768e37f129891c591605f3
  languageName: node
  linkType: hard

"@pixi/filter-fxaa@npm:6.5.0":
  version: 6.5.0
  resolution: "@pixi/filter-fxaa@npm:6.5.0"
  peerDependencies:
    "@pixi/core": 6.5.0
  checksum: e9247ec16213530c6cb3b058b618cf05e3d5414ddd3e00a6b500fc3d9b2261345c88f7c1a17972060a358181638cbd311a38b81361fa78e040047abb3bae951a
  languageName: node
  linkType: hard

"@pixi/filter-fxaa@npm:7.2.4":
  version: 7.2.4
  resolution: "@pixi/filter-fxaa@npm:7.2.4"
  peerDependencies:
    "@pixi/core": 7.2.4
  checksum: 53114079c3b0a078f60b15fcb60c956d0313d9d28650cb70ad6217d856854398f87af4000391cd83515c468398bb1e1375d8780ea27b45b728dc8081fca98b83
  languageName: node
  linkType: hard

"@pixi/filter-noise@npm:6.5.0":
  version: 6.5.0
  resolution: "@pixi/filter-noise@npm:6.5.0"
  peerDependencies:
    "@pixi/core": 6.5.0
  checksum: 89e67d6e9d8bd3eff3be53509618f17f47166abfa08120c4534e322147a832115c415d59bc6959aba30847e41b7c19461c4a6827243bdc679a09ab21cb731e8f
  languageName: node
  linkType: hard

"@pixi/filter-noise@npm:7.2.4":
  version: 7.2.4
  resolution: "@pixi/filter-noise@npm:7.2.4"
  peerDependencies:
    "@pixi/core": 7.2.4
  checksum: 77acfb113d1d95159c4960873fd559b63ec1b45e6cbf7a4e942171b035357411fa4930d329d8a805b2818998d3ff866d8e22a17fb793b3377226ff3495e08baa
  languageName: node
  linkType: hard

"@pixi/graphics@npm:6.5.0":
  version: 6.5.0
  resolution: "@pixi/graphics@npm:6.5.0"
  peerDependencies:
    "@pixi/constants": 6.5.0
    "@pixi/core": 6.5.0
    "@pixi/display": 6.5.0
    "@pixi/math": 6.5.0
    "@pixi/sprite": 6.5.0
    "@pixi/utils": 6.5.0
  checksum: da4717bb368df0fc269c68d6f5e4f3eacfabe7b9e4cf67610f0d9b8f826c5a34f69f17ec0e6c4216e507498c442945e8ddbee8ff8a0cff1ecec725f3a8a46a64
  languageName: node
  linkType: hard

"@pixi/graphics@npm:7.2.4":
  version: 7.2.4
  resolution: "@pixi/graphics@npm:7.2.4"
  peerDependencies:
    "@pixi/core": 7.2.4
    "@pixi/display": 7.2.4
    "@pixi/sprite": 7.2.4
  checksum: e8580595d92fc6a6dddd5aacc3f815d39791bcd8262b8c71ea905d419957c5a3d363ee6f39490646aee187476008fa1d561fda23d4318c8f0e5a72147207b5bc
  languageName: node
  linkType: hard

"@pixi/interaction@npm:6.5.0":
  version: 6.5.0
  resolution: "@pixi/interaction@npm:6.5.0"
  peerDependencies:
    "@pixi/core": 6.5.0
    "@pixi/display": 6.5.0
    "@pixi/math": 6.5.0
    "@pixi/ticker": 6.5.0
    "@pixi/utils": 6.5.0
  checksum: 3ce48d37045569afa2df82cf2272bc063d00d8d1bebd945f4e26f776270748fe3ee780af16f52a438e5fefb8746b9bb11041f9e114459e18bfa8c10a5c06d02d
  languageName: node
  linkType: hard

"@pixi/loaders@npm:6.5.0":
  version: 6.5.0
  resolution: "@pixi/loaders@npm:6.5.0"
  peerDependencies:
    "@pixi/constants": 6.5.0
    "@pixi/core": 6.5.0
    "@pixi/utils": 6.5.0
  checksum: f8b52f8fa510a5792e657fe10f23c97db4308a1b3bc41d6ae71474fb0416a8b7d2ea1f67ed21f84b2c15e6448cbf0de63dac539b49715469aa11de37c9513186
  languageName: node
  linkType: hard

"@pixi/math@npm:6.5.0":
  version: 6.5.0
  resolution: "@pixi/math@npm:6.5.0"
  checksum: 7e3e2db4aeefa9e36696bbd33bf30f812f8c642d12532ff7f41e67aa0b61114fbb996fae0f5479fe8eb5f48fc28001427cacd8d3c98b66af2b5e6cf07bdbb6d0
  languageName: node
  linkType: hard

"@pixi/math@npm:7.2.4":
  version: 7.2.4
  resolution: "@pixi/math@npm:7.2.4"
  checksum: 6e6304a091a25df0326b69e8664d6ba89b1f66cadba830957fc734b368243d89827b1220c1163c9162655b40d0c5bccf51526c9d8373af0c830c758e18456ef0
  languageName: node
  linkType: hard

"@pixi/mesh-extras@npm:6.5.0":
  version: 6.5.0
  resolution: "@pixi/mesh-extras@npm:6.5.0"
  peerDependencies:
    "@pixi/constants": 6.5.0
    "@pixi/core": 6.5.0
    "@pixi/math": 6.5.0
    "@pixi/mesh": 6.5.0
    "@pixi/utils": 6.5.0
  checksum: e241e9398cc68d9fa00f984bee8c1127e0f8be2d5398337b245b83e60c3a88442f13c9e1084df2745447118c5c21cd01501f5b2ccd593f2742ccf60e10ea1bfe
  languageName: node
  linkType: hard

"@pixi/mesh-extras@npm:7.2.4":
  version: 7.2.4
  resolution: "@pixi/mesh-extras@npm:7.2.4"
  peerDependencies:
    "@pixi/core": 7.2.4
    "@pixi/mesh": 7.2.4
  checksum: 6b29e89677b8315fc83331cd8d4ba579e8bcbc832f727a80631c8d0101ade939886defab88b4e01f8fdb5d2f5034fc06bc5f8798327612c7c8b29513ab06a120
  languageName: node
  linkType: hard

"@pixi/mesh@npm:6.5.0":
  version: 6.5.0
  resolution: "@pixi/mesh@npm:6.5.0"
  peerDependencies:
    "@pixi/constants": 6.5.0
    "@pixi/core": 6.5.0
    "@pixi/display": 6.5.0
    "@pixi/math": 6.5.0
    "@pixi/settings": 6.5.0
    "@pixi/utils": 6.5.0
  checksum: 4c39b9b00945efbb83d8d1af9d70d3087b4303b29aeded0faf5064ab9dbd55f4b02d1ef33751ac8ee3fafdbaa8369868394a48add7bd3ee7bb2d221a33b3a72d
  languageName: node
  linkType: hard

"@pixi/mesh@npm:7.2.4":
  version: 7.2.4
  resolution: "@pixi/mesh@npm:7.2.4"
  peerDependencies:
    "@pixi/core": 7.2.4
    "@pixi/display": 7.2.4
  checksum: cd0231b4e2aac5ad3d7af04def1e82cb1a9ae2d85e791b96b906a8d6f5fac4438fb3781b2a8e140562c16db51c503fcab92a1922181a84f6c59c6e8e02f2ef02
  languageName: node
  linkType: hard

"@pixi/mixin-cache-as-bitmap@npm:6.5.0":
  version: 6.5.0
  resolution: "@pixi/mixin-cache-as-bitmap@npm:6.5.0"
  peerDependencies:
    "@pixi/core": 6.5.0
    "@pixi/display": 6.5.0
    "@pixi/math": 6.5.0
    "@pixi/settings": 6.5.0
    "@pixi/sprite": 6.5.0
    "@pixi/utils": 6.5.0
  checksum: 49cb0f6f885e323ea6b2241f1a869d37628cb0fd661256ea76b3c9dc2b224c314ff7e1e84c1fe38877ccde8a6319f7b840880e21d8ed54d3b2fb9bc423a59462
  languageName: node
  linkType: hard

"@pixi/mixin-cache-as-bitmap@npm:7.2.4":
  version: 7.2.4
  resolution: "@pixi/mixin-cache-as-bitmap@npm:7.2.4"
  peerDependencies:
    "@pixi/core": 7.2.4
    "@pixi/display": 7.2.4
    "@pixi/sprite": 7.2.4
  checksum: cc8f55bb813423e2f0bbca994a94e470a159c22ef819ba7bbf601453c0165ebae67f80e5b2cc03e9e6cbb043f4501ce8f85f14894e36c1f50b2b4076a08812d0
  languageName: node
  linkType: hard

"@pixi/mixin-get-child-by-name@npm:6.5.0":
  version: 6.5.0
  resolution: "@pixi/mixin-get-child-by-name@npm:6.5.0"
  peerDependencies:
    "@pixi/display": 6.5.0
  checksum: e98437189f64c3e8713264a151c15844b2e2dd5047d3bc05b07bb96db6c33c738cddd235260d6e4ccab4538b435af13a90fb003f1dd5b751ebdc3a2533c552a8
  languageName: node
  linkType: hard

"@pixi/mixin-get-child-by-name@npm:7.2.4":
  version: 7.2.4
  resolution: "@pixi/mixin-get-child-by-name@npm:7.2.4"
  peerDependencies:
    "@pixi/display": 7.2.4
  checksum: 0828685a220240090016cc6551d771a148bbfbd0135089b125ef9f9cacd060b2d4ed1cdd3053ce98a972eb5c4f215b35b8d1a1d82c72baa6d12aa5f3d9eb26b0
  languageName: node
  linkType: hard

"@pixi/mixin-get-global-position@npm:6.5.0":
  version: 6.5.0
  resolution: "@pixi/mixin-get-global-position@npm:6.5.0"
  peerDependencies:
    "@pixi/display": 6.5.0
    "@pixi/math": 6.5.0
  checksum: 2e37ee495509651926dc880db303885104e561717f77b3592e6d1c4322619bac8e5fd6c94e32bb5e63dd482c9a4a588e8a065b7f009abdf332b6d04104ad63ff
  languageName: node
  linkType: hard

"@pixi/mixin-get-global-position@npm:7.2.4":
  version: 7.2.4
  resolution: "@pixi/mixin-get-global-position@npm:7.2.4"
  peerDependencies:
    "@pixi/core": 7.2.4
    "@pixi/display": 7.2.4
  checksum: 97c73337922220bf8dc50898e616c2b7523cba62c8e56752722e0365f23b46cc829216f9f2d73e85ce50d731d6c43c9bef98907a82f59202d80a1031e844fffd
  languageName: node
  linkType: hard

"@pixi/particle-container@npm:6.5.0":
  version: 6.5.0
  resolution: "@pixi/particle-container@npm:6.5.0"
  peerDependencies:
    "@pixi/constants": 6.5.0
    "@pixi/core": 6.5.0
    "@pixi/display": 6.5.0
    "@pixi/math": 6.5.0
    "@pixi/sprite": 6.5.0
    "@pixi/utils": 6.5.0
  checksum: 9d39f7117010bb44e41d0bd2087bd944c4930794dc775f8a255e859dff49f0f122fbe07aa672a26f603b140ebc68a767ae73d3556fe590a364a26c56d7e68aac
  languageName: node
  linkType: hard

"@pixi/particle-container@npm:7.2.4":
  version: 7.2.4
  resolution: "@pixi/particle-container@npm:7.2.4"
  peerDependencies:
    "@pixi/core": 7.2.4
    "@pixi/display": 7.2.4
    "@pixi/sprite": 7.2.4
  checksum: f546431d83daed889993f5ed5b118b50566b00b852095d8ffa46e5262cd6c7a987144a9bffed02d1a69a585b9db7155ab2dbf5b23b388e03ec822f8dc33e414f
  languageName: node
  linkType: hard

"@pixi/polyfill@npm:6.5.0":
  version: 6.5.0
  resolution: "@pixi/polyfill@npm:6.5.0"
  dependencies:
    object-assign: ^4.1.1
    promise-polyfill: ^8.2.0
  checksum: 9e684793651dd5e6b6c7f9bd0852d010597c6547c622aa18e90c3418b9794f828216d3803167ff9f06a772b984d9faaa1ced1a424c43047d048f1ed322d3fc03
  languageName: node
  linkType: hard

"@pixi/prepare@npm:6.5.0":
  version: 6.5.0
  resolution: "@pixi/prepare@npm:6.5.0"
  peerDependencies:
    "@pixi/core": 6.5.0
    "@pixi/display": 6.5.0
    "@pixi/graphics": 6.5.0
    "@pixi/settings": 6.5.0
    "@pixi/text": 6.5.0
    "@pixi/ticker": 6.5.0
    "@pixi/utils": 6.5.0
  checksum: f8017945dc770308cb03b15a1e87b7fb5ca22ae7bb65bc6fa50abfe0694ac683782d31d92872a700d243513647740e813d52984ea6c971554c74f54eefbd1654
  languageName: node
  linkType: hard

"@pixi/prepare@npm:7.2.4":
  version: 7.2.4
  resolution: "@pixi/prepare@npm:7.2.4"
  peerDependencies:
    "@pixi/core": 7.2.4
    "@pixi/display": 7.2.4
    "@pixi/graphics": 7.2.4
    "@pixi/text": 7.2.4
  checksum: 9f1cfe6c2365bf1d0a6516c094653aec5efb9a7ca6975494578d3e7056f44e8b0b3aa1471358e15fb795f575c22e5118293fd32d602764b395a687c42ce2da6e
  languageName: node
  linkType: hard

"@pixi/runner@npm:6.5.0":
  version: 6.5.0
  resolution: "@pixi/runner@npm:6.5.0"
  checksum: 48888635fa39c3710a174e4e7927c8ec00a3fb4463bb3113ee355e029ad02c43b3ddff8971ad4e50b0c0ad68c636030f9fb2d2d3c034f5b1b25f9a993f3183fc
  languageName: node
  linkType: hard

"@pixi/runner@npm:7.2.4":
  version: 7.2.4
  resolution: "@pixi/runner@npm:7.2.4"
  checksum: f3da4d8bca035ab489b2ddc41455bae5e3fbc126bbca336d96cbf322283aff2a35765a92842fdf7b6f2208cd585d7a2b1da9697be7f40640681e86c1f0b8a7cd
  languageName: node
  linkType: hard

"@pixi/settings@npm:6.5.0":
  version: 6.5.0
  resolution: "@pixi/settings@npm:6.5.0"
  checksum: 6d3aebc769cd572196cb3c86b8acfcf472b0c6ac366ae199e14d9d8c55188fa049be46215cd38a4f2a1c3bcd9b73d6600d687c3264683ba58fb17762cd575371
  languageName: node
  linkType: hard

"@pixi/settings@npm:7.2.4":
  version: 7.2.4
  resolution: "@pixi/settings@npm:7.2.4"
  dependencies:
    "@pixi/constants": 7.2.4
    "@types/css-font-loading-module": ^0.0.7
    ismobilejs: ^1.1.0
  checksum: 6f0520698a454c649029e62a5c07c9abe3b990800fd12b6bb6ef3f4edf86ce43ada60380d74e112c0ecca63815e63c60917a7b3ff5ef588ab3bee28e327f11a6
  languageName: node
  linkType: hard

"@pixi/sprite-animated@npm:6.5.0":
  version: 6.5.0
  resolution: "@pixi/sprite-animated@npm:6.5.0"
  peerDependencies:
    "@pixi/core": 6.5.0
    "@pixi/sprite": 6.5.0
    "@pixi/ticker": 6.5.0
  checksum: 258afaee15b16064ca0c8dcc2e3e72abdfd2675a85c4591cad2858325673a555623abb8e030bcedc0684f371e6df4ef5e83ceac6ffbde4af0d6de1cfb7361050
  languageName: node
  linkType: hard

"@pixi/sprite-animated@npm:7.2.4":
  version: 7.2.4
  resolution: "@pixi/sprite-animated@npm:7.2.4"
  peerDependencies:
    "@pixi/core": 7.2.4
    "@pixi/sprite": 7.2.4
  checksum: ddcd48f62a59e5971f9308e220b3da14b0807ef4d4f67b538e8aafe32a607676e015ce2311496c9962a2c0fdd68411ecce7f0c6af954fc98d0d98fffc4d581d8
  languageName: node
  linkType: hard

"@pixi/sprite-tiling@npm:6.5.0":
  version: 6.5.0
  resolution: "@pixi/sprite-tiling@npm:6.5.0"
  peerDependencies:
    "@pixi/constants": 6.5.0
    "@pixi/core": 6.5.0
    "@pixi/display": 6.5.0
    "@pixi/math": 6.5.0
    "@pixi/sprite": 6.5.0
    "@pixi/utils": 6.5.0
  checksum: a9184c4b8715be95cb21a74c16508525d8026f0395c5cffd44298cec3a87291f06c971fe676b5c06e5af6ca86e27bc1666951441dac5db8e3f98037ba6fb4c82
  languageName: node
  linkType: hard

"@pixi/sprite-tiling@npm:7.2.4":
  version: 7.2.4
  resolution: "@pixi/sprite-tiling@npm:7.2.4"
  peerDependencies:
    "@pixi/core": 7.2.4
    "@pixi/display": 7.2.4
    "@pixi/sprite": 7.2.4
  checksum: 134a1c9e88810542fc74e452a07adb52b21391cf811af5e255792a6510ab5472c0df4fcce436bc1778867e14578c290e43ef9f07db820e53cc303c20e6cec44b
  languageName: node
  linkType: hard

"@pixi/sprite@npm:6.5.0":
  version: 6.5.0
  resolution: "@pixi/sprite@npm:6.5.0"
  peerDependencies:
    "@pixi/constants": 6.5.0
    "@pixi/core": 6.5.0
    "@pixi/display": 6.5.0
    "@pixi/math": 6.5.0
    "@pixi/settings": 6.5.0
    "@pixi/utils": 6.5.0
  checksum: abef2c71b959733fa3c836fcc44c44da1c0c1741131afeaf4122f439fdac319eb3517b833f8fb44aabd508a6af7816fb175e95b86f4ffe7769e4618d2a0e6ff9
  languageName: node
  linkType: hard

"@pixi/sprite@npm:7.2.4":
  version: 7.2.4
  resolution: "@pixi/sprite@npm:7.2.4"
  peerDependencies:
    "@pixi/core": 7.2.4
    "@pixi/display": 7.2.4
  checksum: 5b656aa81297d9d9bcd34aa7b03652fa730ca05584967e1a8ddd38274a45dfe94c6802b04229966d68e6ba36ae67b3750a9a83a4319df73fe8fdfcfe6a001898
  languageName: node
  linkType: hard

"@pixi/spritesheet@npm:6.5.0":
  version: 6.5.0
  resolution: "@pixi/spritesheet@npm:6.5.0"
  peerDependencies:
    "@pixi/core": 6.5.0
    "@pixi/loaders": 6.5.0
    "@pixi/math": 6.5.0
    "@pixi/utils": 6.5.0
  checksum: 84874172af3a2ae0a33ef898f7f87bf7a947daf4c20c3dcf96b94a46f0e351b4aca4f3ba4c2dea11879a277a67cd173b8a7a0c7c653db66f54e1c47ec1cb6bdf
  languageName: node
  linkType: hard

"@pixi/spritesheet@npm:7.2.4":
  version: 7.2.4
  resolution: "@pixi/spritesheet@npm:7.2.4"
  peerDependencies:
    "@pixi/assets": 7.2.4
    "@pixi/core": 7.2.4
  checksum: f5becb82a6bf4e147315c561e6b79ec4c1f53e72f2bc1e29e8a14755e0e17b3118439fe7744ec5fddf28172e9124bafa967acc9ba9e1adf16eed29c9cd29dea4
  languageName: node
  linkType: hard

"@pixi/text-bitmap@npm:6.5.0":
  version: 6.5.0
  resolution: "@pixi/text-bitmap@npm:6.5.0"
  peerDependencies:
    "@pixi/constants": 6.5.0
    "@pixi/core": 6.5.0
    "@pixi/display": 6.5.0
    "@pixi/loaders": 6.5.0
    "@pixi/math": 6.5.0
    "@pixi/mesh": 6.5.0
    "@pixi/settings": 6.5.0
    "@pixi/text": 6.5.0
    "@pixi/utils": 6.5.0
  checksum: d1e397f96b7b64a8a715482182b99c097e718ab55e15bb1ad027304fdc45a7e5f4b775b667a5e53abbdeb81bd8f0044b44e2b4a4ef392db6875c8894480dd645
  languageName: node
  linkType: hard

"@pixi/text-bitmap@npm:7.2.4":
  version: 7.2.4
  resolution: "@pixi/text-bitmap@npm:7.2.4"
  peerDependencies:
    "@pixi/assets": 7.2.4
    "@pixi/core": 7.2.4
    "@pixi/display": 7.2.4
    "@pixi/mesh": 7.2.4
    "@pixi/text": 7.2.4
  checksum: 6189bb8e2c37f908face17a85701f40d662dd364043b05eb0fb378e0723bbe48b5cc0478231113e6a40c575bc7ffc2975c1c4540e7faf43e84786591247b88b3
  languageName: node
  linkType: hard

"@pixi/text-html@npm:7.2.4":
  version: 7.2.4
  resolution: "@pixi/text-html@npm:7.2.4"
  peerDependencies:
    "@pixi/core": 7.2.4
    "@pixi/display": 7.2.4
    "@pixi/sprite": 7.2.4
    "@pixi/text": 7.2.4
  checksum: 273f7fb7a9d40f10e2a1796f3fe447a62844cc9f33b92ccc476713786264edfa61071908a59d3eadf74aa39ebe8ed3f8910df20972171620580b478bfd752d47
  languageName: node
  linkType: hard

"@pixi/text@npm:6.5.0":
  version: 6.5.0
  resolution: "@pixi/text@npm:6.5.0"
  peerDependencies:
    "@pixi/core": 6.5.0
    "@pixi/math": 6.5.0
    "@pixi/settings": 6.5.0
    "@pixi/sprite": 6.5.0
    "@pixi/utils": 6.5.0
  checksum: d239a0b56ca5898ae34c1f764b714862dc6c79439c8880efcea188589f543c710d52fa3ab5cd6110ed0b13faafc5295944440a4e7651785592132a18161d10ed
  languageName: node
  linkType: hard

"@pixi/text@npm:7.2.4":
  version: 7.2.4
  resolution: "@pixi/text@npm:7.2.4"
  peerDependencies:
    "@pixi/core": 7.2.4
    "@pixi/sprite": 7.2.4
  checksum: 31b09fa86b29e8790bb6c1ceed069ba90f16c363a9c07a16a93d8f8586540a8b1c40b1662e324231bc356467993e0171f6f016da9fd55171f3944ecf9d23c021
  languageName: node
  linkType: hard

"@pixi/ticker@npm:6.5.0":
  version: 6.5.0
  resolution: "@pixi/ticker@npm:6.5.0"
  peerDependencies:
    "@pixi/settings": 6.5.0
  checksum: 68fed83d780641106a76099b269b929fc6062cfa594d24e90d0146ff1f776b4c07fdd9b88f8533c947821efc8a17bc262c834ea88bf035a533d4280f8cf1a443
  languageName: node
  linkType: hard

"@pixi/ticker@npm:7.2.4":
  version: 7.2.4
  resolution: "@pixi/ticker@npm:7.2.4"
  dependencies:
    "@pixi/extensions": 7.2.4
    "@pixi/settings": 7.2.4
    "@pixi/utils": 7.2.4
  checksum: f868ca41a8dca1cf0652960231fda9c8731ef478a5d9c2e1e9815dd1cbe1380550aa12ececba299de03db22703f0d8b032bb2535f49f2a9076c39c6374d85790
  languageName: node
  linkType: hard

"@pixi/utils@npm:6.5.0":
  version: 6.5.0
  resolution: "@pixi/utils@npm:6.5.0"
  dependencies:
    "@types/earcut": ^2.1.0
    earcut: ^2.2.4
    eventemitter3: ^3.1.0
    url: ^0.11.0
  peerDependencies:
    "@pixi/constants": 6.5.0
    "@pixi/settings": 6.5.0
  checksum: 39607f779012a9e466ecefa1cf45f0c471d09e78d1d934854ae8a908e033a17e007373714267f1d4746396ceb98c04c701723b6ec9d17bd6d1dcef08317e4da2
  languageName: node
  linkType: hard

"@pixi/utils@npm:7.2.4":
  version: 7.2.4
  resolution: "@pixi/utils@npm:7.2.4"
  dependencies:
    "@pixi/color": 7.2.4
    "@pixi/constants": 7.2.4
    "@pixi/settings": 7.2.4
    "@types/earcut": ^2.1.0
    earcut: ^2.2.4
    eventemitter3: ^4.0.0
    url: ^0.11.0
  checksum: 88457ca9c77c870a45c1f242ad4d0b14dd1fae9d5ecb10e3eed0d5771d65f05999f205277effd362d8804c4eaa04b5bc9665862659fab4218230d80a2b7a1061
  languageName: node
  linkType: hard

"@types/css-font-loading-module@npm:^0.0.7":
  version: 0.0.7
  resolution: "@types/css-font-loading-module@npm:0.0.7"
  checksum: a074d3b824b2232160f2353daf1cc62937e4a24154d13607f14f93feaaac6abcf069c8ae02c1396840950fa02c1b3f19ce0f119321f9735905bfb3cd4b9b2021
  languageName: node
  linkType: hard

"@types/earcut@npm:^2.1.0":
  version: 2.1.1
  resolution: "@types/earcut@npm:2.1.1"
  checksum: 7845dab97ba2bf379caeb4fb91bb732e6710b0ce018a8e357f023cb96ac2fa5c64352461e93ecac2504966dcf6b0b882d117c2258cf15a679bd0063b3cee0e14
  languageName: node
  linkType: hard

"@types/offscreencanvas@npm:^2019.6.4":
  version: 2019.7.0
  resolution: "@types/offscreencanvas@npm:2019.7.0"
  checksum: 018cfcd19e0c59c44d14ba61caaca7246f77fbb512839c7881654b7f2b6591dbdd5857362eccbf49f29cdc93724e71a4b37c8b6cf203388f9c04e913a53ea390
  languageName: node
  linkType: hard

"colord@npm:^2.9.3":
  version: 2.9.3
  resolution: "colord@npm:2.9.3"
  checksum: 95d909bfbcfd8d5605cbb5af56f2d1ce2b323990258fd7c0d2eb0e6d3bb177254d7fb8213758db56bb4ede708964f78c6b992b326615f81a18a6aaf11d64c650
  languageName: node
  linkType: hard

"default@workspace:packages/default":
  version: 0.0.0-use.local
  resolution: "default@workspace:packages/default"
  languageName: unknown
  linkType: soft

"earcut@npm:^2.2.4":
  version: 2.2.4
  resolution: "earcut@npm:2.2.4"
  checksum: aea0466cb2f24e0c3c57148d8d28ac9846f53c4f43ee66780826474303ac851b305ef988152d0bdeb31e8f7ca939dc0df737e7505cfb1c1bdf2ff9d7f9ea2faa
  languageName: node
  linkType: hard

"eventemitter3@npm:^3.1.0":
  version: 3.1.2
  resolution: "eventemitter3@npm:3.1.2"
  checksum: 81e4e82b8418f5cfd986d2b4a2fa5397ac4eb8134e09bcb47005545e22fdf8e9e61d5c053d34651112245aae411bdfe6d0ad5511da0400743fef5fc38bfcfbe3
  languageName: node
  linkType: hard

"eventemitter3@npm:^4.0.0":
  version: 4.0.7
  resolution: "eventemitter3@npm:4.0.7"
  checksum: 1875311c42fcfe9c707b2712c32664a245629b42bb0a5a84439762dd0fd637fc54d078155ea83c2af9e0323c9ac13687e03cfba79b03af9f40c89b4960099374
  languageName: node
  linkType: hard

"ismobilejs@npm:^1.1.0":
  version: 1.1.1
  resolution: "ismobilejs@npm:1.1.1"
  checksum: 937479c4ae13306f41391e0f57611b0835bc57325750b446cb12ed844d697407f66f050ebf7446538cc3aae9575df6382243224be3032c1574b61e2f955d8417
  languageName: node
  linkType: hard

"object-assign@npm:^4.1.1":
  version: 4.1.1
  resolution: "object-assign@npm:4.1.1"
  checksum: fcc6e4ea8c7fe48abfbb552578b1c53e0d194086e2e6bbbf59e0a536381a292f39943c6e9628af05b5528aa5e3318bb30d6b2e53cadaf5b8fe9e12c4b69af23f
  languageName: node
  linkType: hard

"pixi.js@npm:6.5.0":
  version: 6.5.0
  resolution: "pixi.js@npm:6.5.0"
  dependencies:
    "@pixi/accessibility": 6.5.0
    "@pixi/app": 6.5.0
    "@pixi/compressed-textures": 6.5.0
    "@pixi/constants": 6.5.0
    "@pixi/core": 6.5.0
    "@pixi/display": 6.5.0
    "@pixi/extract": 6.5.0
    "@pixi/filter-alpha": 6.5.0
    "@pixi/filter-blur": 6.5.0
    "@pixi/filter-color-matrix": 6.5.0
    "@pixi/filter-displacement": 6.5.0
    "@pixi/filter-fxaa": 6.5.0
    "@pixi/filter-noise": 6.5.0
    "@pixi/graphics": 6.5.0
    "@pixi/interaction": 6.5.0
    "@pixi/loaders": 6.5.0
    "@pixi/math": 6.5.0
    "@pixi/mesh": 6.5.0
    "@pixi/mesh-extras": 6.5.0
    "@pixi/mixin-cache-as-bitmap": 6.5.0
    "@pixi/mixin-get-child-by-name": 6.5.0
    "@pixi/mixin-get-global-position": 6.5.0
    "@pixi/particle-container": 6.5.0
    "@pixi/polyfill": 6.5.0
    "@pixi/prepare": 6.5.0
    "@pixi/runner": 6.5.0
    "@pixi/settings": 6.5.0
    "@pixi/sprite": 6.5.0
    "@pixi/sprite-animated": 6.5.0
    "@pixi/sprite-tiling": 6.5.0
    "@pixi/spritesheet": 6.5.0
    "@pixi/text": 6.5.0
    "@pixi/text-bitmap": 6.5.0
    "@pixi/ticker": 6.5.0
    "@pixi/utils": 6.5.0
  checksum: 6ceae053b73ccf3bfaa1a6afa74ca18329dcb4f281a2462705b98c541f798d861dd7fe5650e1c5bc8dbbcacc8abbe0e2837a0126561329cfe35b74b56c99faa5
  languageName: node
  linkType: hard

"pixi.js@npm:^7.2.4":
  version: 7.2.4
  resolution: "pixi.js@npm:7.2.4"
  dependencies:
    "@pixi/accessibility": 7.2.4
    "@pixi/app": 7.2.4
    "@pixi/assets": 7.2.4
    "@pixi/compressed-textures": 7.2.4
    "@pixi/core": 7.2.4
    "@pixi/display": 7.2.4
    "@pixi/events": 7.2.4
    "@pixi/extensions": 7.2.4
    "@pixi/extract": 7.2.4
    "@pixi/filter-alpha": 7.2.4
    "@pixi/filter-blur": 7.2.4
    "@pixi/filter-color-matrix": 7.2.4
    "@pixi/filter-displacement": 7.2.4
    "@pixi/filter-fxaa": 7.2.4
    "@pixi/filter-noise": 7.2.4
    "@pixi/graphics": 7.2.4
    "@pixi/mesh": 7.2.4
    "@pixi/mesh-extras": 7.2.4
    "@pixi/mixin-cache-as-bitmap": 7.2.4
    "@pixi/mixin-get-child-by-name": 7.2.4
    "@pixi/mixin-get-global-position": 7.2.4
    "@pixi/particle-container": 7.2.4
    "@pixi/prepare": 7.2.4
    "@pixi/sprite": 7.2.4
    "@pixi/sprite-animated": 7.2.4
    "@pixi/sprite-tiling": 7.2.4
    "@pixi/spritesheet": 7.2.4
    "@pixi/text": 7.2.4
    "@pixi/text-bitmap": 7.2.4
    "@pixi/text-html": 7.2.4
  checksum: 35a5ac084b3fa887df34d35cde1b516785b6c726e708974e7328cac4b3b08e893377aff02de9976377511a4b21747999c6379df19c58c9b850960f6538094b0b
  languageName: node
  linkType: hard

"pixi@workspace:.":
  version: 0.0.0-use.local
  resolution: "pixi@workspace:."
  dependencies:
    pixi.js: 6.5.0
  languageName: unknown
  linkType: soft

"promise-polyfill@npm:^8.2.0":
  version: 8.3.0
  resolution: "promise-polyfill@npm:8.3.0"
  checksum: 206373802076c77def0805758d0a8ece64120dfa6603f092404a1004211f8f2f67f33cadbc35953fc2a8ed0b0d38c774e88bdf01e20ce7a920723a60df84b7a5
  languageName: node
  linkType: hard

"punycode@npm:1.3.2":
  version: 1.3.2
  resolution: "punycode@npm:1.3.2"
  checksum: b8807fd594b1db33335692d1f03e8beeddde6fda7fbb4a2e32925d88d20a3aa4cd8dcc0c109ccaccbd2ba761c208dfaaada83007087ea8bfb0129c9ef1b99ed6
  languageName: node
  linkType: hard

"querystring@npm:0.2.0":
  version: 0.2.0
  resolution: "querystring@npm:0.2.0"
  checksum: 8258d6734f19be27e93f601758858c299bdebe71147909e367101ba459b95446fbe5b975bf9beb76390156a592b6f4ac3a68b6087cea165c259705b8b4e56a69
  languageName: node
  linkType: hard

"url@npm:^0.11.0":
  version: 0.11.0
  resolution: "url@npm:0.11.0"
  dependencies:
    punycode: 1.3.2
    querystring: 0.2.0
  checksum: 50d100d3dd2d98b9fe3ada48cadb0b08aa6be6d3ac64112b867b56b19be4bfcba03c2a9a0d7922bfd7ac17d4834e88537749fe182430dfd9b68e520175900d90
  languageName: node
  linkType: hard

"v7@workspace:packages/v7":
  version: 0.0.0-use.local
  resolution: "v7@workspace:packages/v7"
  dependencies:
    pixi.js: ^7.2.4
  languageName: unknown
  linkType: soft
